
Microsoft Visual Studio Solution File, Format Version 12.00
# Visual Studio Version 17
VisualStudioVersion = 17.0.31314.256
MinimumVisualStudioVersion = 10.0.40219.1
Project("{2150E333-8FDC-42A3-9474-1A3956D46DE8}") = "Automation", "Automation", "{0BFBE63A-B98A-3411-8EEB-8918FEC737B3}"
EndProject
Project("{2150E333-8FDC-42A3-9474-1A3956D46DE8}") = "Engine", "Engine", "{233774A8-CC9D-3FA9-86D1-90573E92B704}"
EndProject
Project("{2150E333-8FDC-42A3-9474-1A3956D46DE8}") = "Games", "Games", "{DE1F8B53-6C02-3C13-9101-A7C8D96F3FF6}"
EndProject
Project("{2150E333-8FDC-42A3-9474-1A3956D46DE8}") = "Programs", "Programs", "{A338B9E2-A559-34BE-A46D-F789DD488FAD}"
EndProject
Project("{2150E333-8FDC-42A3-9474-1A3956D46DE8}") = "Rules", "Rules", "{C2F57ECE-B26F-39D8-BDA7-C1D40BD8F180}"
EndProject
Project("{2150E333-8FDC-42A3-9474-1A3956D46DE8}") = "Shared", "Shared", "{57713676-9DBE-331C-AD10-26632AC9EE0C}"
EndProject
Project("{2150E333-8FDC-42A3-9474-1A3956D46DE8}") = "UnrealBuildTool.Plugins", "UnrealBuildTool.Plugins", "{7B5CFB44-F0FB-31DF-AE62-C3C096A29A7B}"
EndProject
Project("{8BC9CEB8-8B4A-11D0-8D11-00A0C91BC942}") = "UE5", "Intermediate\ProjectFiles\UE5.vcxproj", "{971F1EB7-1BA5-3C9A-8164-C8FB9CC07A72}"
EndProject
Project("{8BC9CEB8-8B4A-11D0-8D11-00A0C91BC942}") = "AI_API_Project", "Intermediate\ProjectFiles\AI_API_Project.vcxproj", "{51558858-E6ED-3FEF-A41B-768CB8AC2AF4}"
	ProjectSection(ProjectDependencies) = postProject
		{78B5B92A-5436-3F71-A1AF-E005A344CB9C} = {78B5B92A-5436-3F71-A1AF-E005A344CB9C}
	EndProjectSection
EndProject
Project("{FAE04EC0-301F-11D3-BF4B-00C04F79EFBC}") = "UnrealBuildTool", "..\..\Program Files (x86)\UE_5.3\Engine\Source\Programs\UnrealBuildTool\UnrealBuildTool.csproj", "{78B5B92A-5436-3F71-A1AF-E005A344CB9C}"
EndProject
Project("{FAE04EC0-301F-11D3-BF4B-00C04F79EFBC}") = "AutomationTool", "..\..\Program Files (x86)\UE_5.3\Engine\Source\Programs\AutomationTool\AutomationTool.csproj", "{BE6862EB-0BDC-372C-8CDA-83631C035B2C}"
EndProject
Project("{FAE04EC0-301F-11D3-BF4B-00C04F79EFBC}") = "Android.Automation", "..\..\Program Files (x86)\UE_5.3\Engine\Source\Programs\AutomationTool\Android\Android.Automation.csproj", "{57642EAF-0254-3DC0-819C-4E963E143D07}"
EndProject
Project("{FAE04EC0-301F-11D3-BF4B-00C04F79EFBC}") = "Apple.Automation", "..\..\Program Files (x86)\UE_5.3\Engine\Source\Programs\AutomationTool\Apple\Apple.Automation.csproj", "{EE91EE98-8342-3B54-B97B-399F6326CAD0}"
EndProject
Project("{FAE04EC0-301F-11D3-BF4B-00C04F79EFBC}") = "AutomationUtils.Automation", "..\..\Program Files (x86)\UE_5.3\Engine\Source\Programs\AutomationTool\AutomationUtils\AutomationUtils.Automation.csproj", "{8F45E3B9-994C-3AFE-A49C-5E8FE0BC98A8}"
EndProject
Project("{FAE04EC0-301F-11D3-BF4B-00C04F79EFBC}") = "BuildGraph.Automation", "..\..\Program Files (x86)\UE_5.3\Engine\Source\Programs\AutomationTool\BuildGraph\BuildGraph.Automation.csproj", "{751C956F-9FB4-3BCA-BA57-7E813A2A33BB}"
EndProject
Project("{FAE04EC0-301F-11D3-BF4B-00C04F79EFBC}") = "CookedEditor.Automation", "..\..\Program Files (x86)\UE_5.3\Engine\Source\Programs\AutomationTool\CookedEditor\CookedEditor.Automation.csproj", "{B829300F-6798-386F-91DB-1220E6074706}"
EndProject
Project("{FAE04EC0-301F-11D3-BF4B-00C04F79EFBC}") = "CrowdinLocalization.Automation", "..\..\Program Files (x86)\UE_5.3\Engine\Source\Programs\AutomationTool\CrowdinLocalization\CrowdinLocalization.Automation.csproj", "{561B5C8F-1FA7-3D4A-A52B-3A505B3C1FA5}"
EndProject
Project("{FAE04EC0-301F-11D3-BF4B-00C04F79EFBC}") = "Gauntlet.Automation", "..\..\Program Files (x86)\UE_5.3\Engine\Source\Programs\AutomationTool\Gauntlet\Gauntlet.Automation.csproj", "{D19441E5-9FE9-320F-90F7-0120FC1FAD50}"
EndProject
Project("{FAE04EC0-301F-11D3-BF4B-00C04F79EFBC}") = "IOS.Automation", "..\..\Program Files (x86)\UE_5.3\Engine\Source\Programs\AutomationTool\IOS\IOS.Automation.csproj", "{AA9B35A7-E4B4-3AA9-A211-900D20A83A77}"
EndProject
Project("{FAE04EC0-301F-11D3-BF4B-00C04F79EFBC}") = "Linux.Automation", "..\..\Program Files (x86)\UE_5.3\Engine\Source\Programs\AutomationTool\Linux\Linux.Automation.csproj", "{928BA507-46A7-3CAD-A8FE-86C20BF0BF81}"
EndProject
Project("{FAE04EC0-301F-11D3-BF4B-00C04F79EFBC}") = "Localization.Automation", "..\..\Program Files (x86)\UE_5.3\Engine\Source\Programs\AutomationTool\Localization\Localization.Automation.csproj", "{F7496ACF-DFF6-3603-AB01-BB500224E74A}"
EndProject
Project("{FAE04EC0-301F-11D3-BF4B-00C04F79EFBC}") = "LowLevelTests.Automation", "..\..\Program Files (x86)\UE_5.3\Engine\Source\Programs\AutomationTool\LowLevelTests\LowLevelTests.Automation.csproj", "{69841D54-72F3-36E3-92DB-277C51C7A204}"
EndProject
Project("{FAE04EC0-301F-11D3-BF4B-00C04F79EFBC}") = "Mac.Automation", "..\..\Program Files (x86)\UE_5.3\Engine\Source\Programs\AutomationTool\Mac\Mac.Automation.csproj", "{8267A1AD-D6CD-32E1-B940-1DFFBEF406AC}"
EndProject
Project("{FAE04EC0-301F-11D3-BF4B-00C04F79EFBC}") = "OneSkyLocalization.Automation", "..\..\Program Files (x86)\UE_5.3\Engine\Source\Programs\AutomationTool\OneSkyLocalization\OneSkyLocalization.Automation.csproj", "{682AD4D9-D3CC-3986-864D-A5832DFF1B46}"
EndProject
Project("{FAE04EC0-301F-11D3-BF4B-00C04F79EFBC}") = "AutomationScripts.Automation", "..\..\Program Files (x86)\UE_5.3\Engine\Source\Programs\AutomationTool\Scripts\AutomationScripts.Automation.csproj", "{7427D696-7CCF-3AFE-8E31-37D6EC566C21}"
EndProject
Project("{FAE04EC0-301F-11D3-BF4B-00C04F79EFBC}") = "SmartlingLocalization.Automation", "..\..\Program Files (x86)\UE_5.3\Engine\Source\Programs\AutomationTool\SmartlingLocalization\SmartlingLocalization.Automation.csproj", "{1CC2718E-C8D9-38ED-98A3-B08ECB2236DB}"
EndProject
Project("{FAE04EC0-301F-11D3-BF4B-00C04F79EFBC}") = "SteamDeck.Automation", "..\..\Program Files (x86)\UE_5.3\Engine\Source\Programs\AutomationTool\SteamDeck\SteamDeck.Automation.csproj", "{206A80F5-29C5-3EE4-A794-EE2FBEE66F56}"
EndProject
Project("{FAE04EC0-301F-11D3-BF4B-00C04F79EFBC}") = "TVOS.Automation", "..\..\Program Files (x86)\UE_5.3\Engine\Source\Programs\AutomationTool\TVOS\TVOS.Automation.csproj", "{E774C858-0F5F-362E-B3C0-2A95EB27D3F2}"
EndProject
Project("{FAE04EC0-301F-11D3-BF4B-00C04F79EFBC}") = "Turnkey.Automation", "..\..\Program Files (x86)\UE_5.3\Engine\Source\Programs\AutomationTool\Turnkey\Turnkey.Automation.csproj", "{B977D3DE-9B44-3444-9BDF-2EBE98555D05}"
EndProject
Project("{FAE04EC0-301F-11D3-BF4B-00C04F79EFBC}") = "Win.Automation", "..\..\Program Files (x86)\UE_5.3\Engine\Source\Programs\AutomationTool\Win\Win.Automation.csproj", "{521E115B-C7AD-396C-8CD1-A2FF3E8806BB}"
EndProject
Project("{FAE04EC0-301F-11D3-BF4B-00C04F79EFBC}") = "XLocLocalization.Automation", "..\..\Program Files (x86)\UE_5.3\Engine\Source\Programs\AutomationTool\XLocLocalization\XLocLocalization.Automation.csproj", "{29255204-D739-317D-9731-9E425B9981A0}"
EndProject
Project("{FAE04EC0-301F-11D3-BF4B-00C04F79EFBC}") = "ScriptGeneratorUbtPlugin.ubtplugin", "..\..\Program Files (x86)\UE_5.3\Engine\Plugins\ScriptPlugin\Source\ScriptGeneratorUbtPlugin\ScriptGeneratorUbtPlugin.ubtplugin.csproj", "{E938CD67-444D-3A9E-A99E-1CEE2C84C2EE}"
EndProject
Project("{FAE04EC0-301F-11D3-BF4B-00C04F79EFBC}") = "EpicGames.AspNet", "..\..\Program Files (x86)\UE_5.3\Engine\Source\Programs\Shared\EpicGames.AspNet\EpicGames.AspNet.csproj", "{C35660D6-C4D3-302C-A926-1E577BB6E590}"
EndProject
Project("{FAE04EC0-301F-11D3-BF4B-00C04F79EFBC}") = "EpicGames.Box", "..\..\Program Files (x86)\UE_5.3\Engine\Source\Programs\Shared\EpicGames.Box\EpicGames.Box.csproj", "{8FEEFA20-4971-3DA3-88D5-2819AB7618A8}"
EndProject
Project("{FAE04EC0-301F-11D3-BF4B-00C04F79EFBC}") = "EpicGames.Build", "..\..\Program Files (x86)\UE_5.3\Engine\Source\Programs\Shared\EpicGames.Build\EpicGames.Build.csproj", "{A336B0A9-CD7F-3973-830C-0998E3C254FC}"
EndProject
Project("{FAE04EC0-301F-11D3-BF4B-00C04F79EFBC}") = "EpicGames.BuildGraph", "..\..\Program Files (x86)\UE_5.3\Engine\Source\Programs\Shared\EpicGames.BuildGraph\EpicGames.BuildGraph.csproj", "{4C53E2C3-0BF9-345B-995C-9B9071714E44}"
EndProject
Project("{FAE04EC0-301F-11D3-BF4B-00C04F79EFBC}") = "EpicGames.Core", "..\..\Program Files (x86)\UE_5.3\Engine\Source\Programs\Shared\EpicGames.Core\EpicGames.Core.csproj", "{9D7E58D5-0435-3CF6-9278-39E4FD0B2C77}"
EndProject
Project("{FAE04EC0-301F-11D3-BF4B-00C04F79EFBC}") = "EpicGames.Horde", "..\..\Program Files (x86)\UE_5.3\Engine\Source\Programs\Shared\EpicGames.Horde\EpicGames.Horde.csproj", "{D532E224-54C6-3CBA-ABBC-CA49BA115634}"
EndProject
Project("{FAE04EC0-301F-11D3-BF4B-00C04F79EFBC}") = "EpicGames.IoHash", "..\..\Program Files (x86)\UE_5.3\Engine\Source\Programs\Shared\EpicGames.IoHash\EpicGames.IoHash.csproj", "{B0C3E8EB-F248-3F95-BD73-2E6097ED7487}"
EndProject
Project("{FAE04EC0-301F-11D3-BF4B-00C04F79EFBC}") = "EpicGames.Jupiter", "..\..\Program Files (x86)\UE_5.3\Engine\Source\Programs\Shared\EpicGames.Jupiter\EpicGames.Jupiter.csproj", "{C2ED65DD-1A9E-366E-9737-60F0EE8DDD9B}"
EndProject
Project("{FAE04EC0-301F-11D3-BF4B-00C04F79EFBC}") = "EpicGames.MongoDB", "..\..\Program Files (x86)\UE_5.3\Engine\Source\Programs\Shared\EpicGames.MongoDB\EpicGames.MongoDB.csproj", "{6560DA01-40AE-3DC4-ADDE-37D9D06948BF}"
EndProject
Project("{FAE04EC0-301F-11D3-BF4B-00C04F79EFBC}") = "EpicGames.MsBuild", "..\..\Program Files (x86)\UE_5.3\Engine\Source\Programs\Shared\EpicGames.MsBuild\EpicGames.MsBuild.csproj", "{04EAB75B-95EF-3ACE-B79E-3AE5F71216A8}"
EndProject
Project("{FAE04EC0-301F-11D3-BF4B-00C04F79EFBC}") = "EpicGames.OIDC", "..\..\Program Files (x86)\UE_5.3\Engine\Source\Programs\Shared\EpicGames.OIDC\EpicGames.OIDC.csproj", "{66B85FF6-EFDF-311C-8DB2-FBCF6F1D64A2}"
EndProject
Project("{FAE04EC0-301F-11D3-BF4B-00C04F79EFBC}") = "EpicGames.Oodle", "..\..\Program Files (x86)\UE_5.3\Engine\Source\Programs\Shared\EpicGames.Oodle\EpicGames.Oodle.csproj", "{23F6833A-4184-3A21-AC27-1831ACB59F22}"
EndProject
Project("{FAE04EC0-301F-11D3-BF4B-00C04F79EFBC}") = "EpicGames.Perforce", "..\..\Program Files (x86)\UE_5.3\Engine\Source\Programs\Shared\EpicGames.Perforce\EpicGames.Perforce.csproj", "{EB3654B8-5915-3E1A-8502-B77168168A0B}"
EndProject
Project("{FAE04EC0-301F-11D3-BF4B-00C04F79EFBC}") = "EpicGames.Perforce.Fixture", "..\..\Program Files (x86)\UE_5.3\Engine\Source\Programs\Shared\EpicGames.Perforce.Fixture\EpicGames.Perforce.Fixture.csproj", "{BBF7D382-E6D2-3F54-9835-597FE45BC7F3}"
EndProject
Project("{FAE04EC0-301F-11D3-BF4B-00C04F79EFBC}") = "EpicGames.Perforce.Managed", "..\..\Program Files (x86)\UE_5.3\Engine\Source\Programs\Shared\EpicGames.Perforce.Managed\EpicGames.Perforce.Managed.csproj", "{265E654C-7BE2-3FCD-8183-8ECAB64CCE7A}"
EndProject
Project("{FAE04EC0-301F-11D3-BF4B-00C04F79EFBC}") = "EpicGames.Redis", "..\..\Program Files (x86)\UE_5.3\Engine\Source\Programs\Shared\EpicGames.Redis\EpicGames.Redis.csproj", "{220D3F8F-2157-3822-819B-CD53730B6648}"
EndProject
Project("{FAE04EC0-301F-11D3-BF4B-00C04F79EFBC}") = "EpicGames.Serialization", "..\..\Program Files (x86)\UE_5.3\Engine\Source\Programs\Shared\EpicGames.Serialization\EpicGames.Serialization.csproj", "{6CB9636A-012D-3D50-8C3B-9260370B663F}"
EndProject
Project("{FAE04EC0-301F-11D3-BF4B-00C04F79EFBC}") = "EpicGames.Slack", "..\..\Program Files (x86)\UE_5.3\Engine\Source\Programs\Shared\EpicGames.Slack\EpicGames.Slack.csproj", "{736683F7-37C5-3395-905B-71D1EE9570A1}"
EndProject
Project("{FAE04EC0-301F-11D3-BF4B-00C04F79EFBC}") = "EpicGames.Tracing", "..\..\Program Files (x86)\UE_5.3\Engine\Source\Programs\Shared\EpicGames.Tracing\EpicGames.Tracing.csproj", "{B7868F5F-2767-3C41-B394-89DC7F8C221D}"
EndProject
Project("{FAE04EC0-301F-11D3-BF4B-00C04F79EFBC}") = "EpicGames.UHT", "..\..\Program Files (x86)\UE_5.3\Engine\Source\Programs\Shared\EpicGames.UHT\EpicGames.UHT.csproj", "{0213D3DC-51E0-383E-9EE9-E6EE58F6BEB8}"
EndProject
Project("{FAE04EC0-301F-11D3-BF4B-00C04F79EFBC}") = "MarketplaceRules", "..\..\Program Files (x86)\UE_5.3\Engine\Intermediate\Build\BuildRulesProjects\MarketplaceRules\MarketplaceRules.csproj", "{5C189E02-81FD-3DB6-BE10-6CAEEFE47B47}"
EndProject
Project("{FAE04EC0-301F-11D3-BF4B-00C04F79EFBC}") = "UE5ProgramRules", "..\..\Program Files (x86)\UE_5.3\Engine\Intermediate\Build\BuildRulesProjects\UE5ProgramRules\UE5ProgramRules.csproj", "{EDDB1211-BA12-336B-BABB-85B8B0E8CF3B}"
EndProject
Project("{FAE04EC0-301F-11D3-BF4B-00C04F79EFBC}") = "UE5Rules", "..\..\Program Files (x86)\UE_5.3\Engine\Intermediate\Build\BuildRulesProjects\UE5Rules\UE5Rules.csproj", "{8AEB8493-79D2-3456-BB57-7FD2AC81ED0C}"
EndProject
Project("{FAE04EC0-301F-11D3-BF4B-00C04F79EFBC}") = "AI_API_ProjectModuleRules", "Intermediate\Build\BuildRulesProjects\AI_API_ProjectModuleRules\AI_API_ProjectModuleRules.csproj", "{500B8E7F-899B-37EF-B9D7-516DB79001A2}"
EndProject
Project("{2150E333-8FDC-42A3-9474-1A3956D46DE8}") = "Visualizers", "Visualizers", "{1CCEC849-CC72-4C59-8C36-2F7C38706D4C}"
	ProjectSection(SolutionItems) = preProject
		..\..\Program Files (x86)\UE_5.3\Engine\Extras\VisualStudioDebugging\Unreal.natvis = ..\..\Program Files (x86)\UE_5.3\Engine\Extras\VisualStudioDebugging\Unreal.natvis
		..\..\Program Files (x86)\UE_5.3\Engine\Extras\VisualStudioDebugging\Unreal.natstepfilter = ..\..\Program Files (x86)\UE_5.3\Engine\Extras\VisualStudioDebugging\Unreal.natstepfilter
	EndProjectSection
EndProject
Global
	GlobalSection(SolutionConfigurationPlatforms) = preSolution
		DebugGame Editor|Win64 = DebugGame Editor|Win64
		DebugGame|Win64 = DebugGame|Win64
		Development Editor|Win64 = Development Editor|Win64
		Development|Win64 = Development|Win64
		Shipping|Win64 = Shipping|Win64
	EndGlobalSection
	# UnrealVS Section
	GlobalSection(ddbf523f-7eb6-4887-bd51-85a714ff87eb) = preSolution
		AvailablePlatforms=Win64
	EndGlobalSection
	GlobalSection(ProjectConfigurationPlatforms) = postSolution
		{971F1EB7-1BA5-3C9A-8164-C8FB9CC07A72}.DebugGame Editor|Win64.ActiveCfg = BuiltWithUnrealBuildTool|Win64
		{971F1EB7-1BA5-3C9A-8164-C8FB9CC07A72}.DebugGame|Win64.ActiveCfg = BuiltWithUnrealBuildTool|Win64
		{971F1EB7-1BA5-3C9A-8164-C8FB9CC07A72}.Development Editor|Win64.ActiveCfg = BuiltWithUnrealBuildTool|Win64
		{971F1EB7-1BA5-3C9A-8164-C8FB9CC07A72}.Development|Win64.ActiveCfg = BuiltWithUnrealBuildTool|Win64
		{971F1EB7-1BA5-3C9A-8164-C8FB9CC07A72}.Shipping|Win64.ActiveCfg = BuiltWithUnrealBuildTool|Win64
		{51558858-E6ED-3FEF-A41B-768CB8AC2AF4}.DebugGame Editor|Win64.ActiveCfg = DebugGame_Editor|x64
		{51558858-E6ED-3FEF-A41B-768CB8AC2AF4}.DebugGame Editor|Win64.Build.0 = DebugGame_Editor|x64
		{51558858-E6ED-3FEF-A41B-768CB8AC2AF4}.DebugGame|Win64.ActiveCfg = DebugGame|x64
		{51558858-E6ED-3FEF-A41B-768CB8AC2AF4}.DebugGame|Win64.Build.0 = DebugGame|x64
		{51558858-E6ED-3FEF-A41B-768CB8AC2AF4}.Development Editor|Win64.ActiveCfg = Development_Editor|x64
		{51558858-E6ED-3FEF-A41B-768CB8AC2AF4}.Development Editor|Win64.Build.0 = Development_Editor|x64
		{51558858-E6ED-3FEF-A41B-768CB8AC2AF4}.Development|Win64.ActiveCfg = Development|x64
		{51558858-E6ED-3FEF-A41B-768CB8AC2AF4}.Development|Win64.Build.0 = Development|x64
		{51558858-E6ED-3FEF-A41B-768CB8AC2AF4}.Shipping|Win64.ActiveCfg = Shipping|x64
		{51558858-E6ED-3FEF-A41B-768CB8AC2AF4}.Shipping|Win64.Build.0 = Shipping|x64
		{78B5B92A-5436-3F71-A1AF-E005A344CB9C}.DebugGame Editor|Win64.ActiveCfg = Development|Any CPU
		{78B5B92A-5436-3F71-A1AF-E005A344CB9C}.DebugGame Editor|Win64.Build.0 = Development|Any CPU
		{78B5B92A-5436-3F71-A1AF-E005A344CB9C}.DebugGame|Win64.ActiveCfg = Development|Any CPU
		{78B5B92A-5436-3F71-A1AF-E005A344CB9C}.DebugGame|Win64.Build.0 = Development|Any CPU
		{78B5B92A-5436-3F71-A1AF-E005A344CB9C}.Development Editor|Win64.ActiveCfg = Development|Any CPU
		{78B5B92A-5436-3F71-A1AF-E005A344CB9C}.Development Editor|Win64.Build.0 = Development|Any CPU
		{78B5B92A-5436-3F71-A1AF-E005A344CB9C}.Development|Win64.ActiveCfg = Development|Any CPU
		{78B5B92A-5436-3F71-A1AF-E005A344CB9C}.Development|Win64.Build.0 = Development|Any CPU
		{78B5B92A-5436-3F71-A1AF-E005A344CB9C}.Shipping|Win64.ActiveCfg = Development|Any CPU
		{78B5B92A-5436-3F71-A1AF-E005A344CB9C}.Shipping|Win64.Build.0 = Development|Any CPU
		{BE6862EB-0BDC-372C-8CDA-83631C035B2C}.DebugGame Editor|Win64.ActiveCfg = Development|Any CPU
		{BE6862EB-0BDC-372C-8CDA-83631C035B2C}.DebugGame Editor|Win64.Build.0 = Development|Any CPU
		{BE6862EB-0BDC-372C-8CDA-83631C035B2C}.DebugGame|Win64.ActiveCfg = Development|Any CPU
		{BE6862EB-0BDC-372C-8CDA-83631C035B2C}.DebugGame|Win64.Build.0 = Development|Any CPU
		{BE6862EB-0BDC-372C-8CDA-83631C035B2C}.Development Editor|Win64.ActiveCfg = Development|Any CPU
		{BE6862EB-0BDC-372C-8CDA-83631C035B2C}.Development Editor|Win64.Build.0 = Development|Any CPU
		{BE6862EB-0BDC-372C-8CDA-83631C035B2C}.Development|Win64.ActiveCfg = Development|Any CPU
		{BE6862EB-0BDC-372C-8CDA-83631C035B2C}.Development|Win64.Build.0 = Development|Any CPU
		{BE6862EB-0BDC-372C-8CDA-83631C035B2C}.Shipping|Win64.ActiveCfg = Development|Any CPU
		{BE6862EB-0BDC-372C-8CDA-83631C035B2C}.Shipping|Win64.Build.0 = Development|Any CPU
		{57642EAF-0254-3DC0-819C-4E963E143D07}.DebugGame Editor|Win64.ActiveCfg = Development|Any CPU
		{57642EAF-0254-3DC0-819C-4E963E143D07}.DebugGame Editor|Win64.Build.0 = Development|Any CPU
		{57642EAF-0254-3DC0-819C-4E963E143D07}.DebugGame|Win64.ActiveCfg = Development|Any CPU
		{57642EAF-0254-3DC0-819C-4E963E143D07}.DebugGame|Win64.Build.0 = Development|Any CPU
		{57642EAF-0254-3DC0-819C-4E963E143D07}.Development Editor|Win64.ActiveCfg = Development|Any CPU
		{57642EAF-0254-3DC0-819C-4E963E143D07}.Development Editor|Win64.Build.0 = Development|Any CPU
		{57642EAF-0254-3DC0-819C-4E963E143D07}.Development|Win64.ActiveCfg = Development|Any CPU
		{57642EAF-0254-3DC0-819C-4E963E143D07}.Development|Win64.Build.0 = Development|Any CPU
		{57642EAF-0254-3DC0-819C-4E963E143D07}.Shipping|Win64.ActiveCfg = Development|Any CPU
		{57642EAF-0254-3DC0-819C-4E963E143D07}.Shipping|Win64.Build.0 = Development|Any CPU
		{EE91EE98-8342-3B54-B97B-399F6326CAD0}.DebugGame Editor|Win64.ActiveCfg = Development|Any CPU
		{EE91EE98-8342-3B54-B97B-399F6326CAD0}.DebugGame Editor|Win64.Build.0 = Development|Any CPU
		{EE91EE98-8342-3B54-B97B-399F6326CAD0}.DebugGame|Win64.ActiveCfg = Development|Any CPU
		{EE91EE98-8342-3B54-B97B-399F6326CAD0}.DebugGame|Win64.Build.0 = Development|Any CPU
		{EE91EE98-8342-3B54-B97B-399F6326CAD0}.Development Editor|Win64.ActiveCfg = Development|Any CPU
		{EE91EE98-8342-3B54-B97B-399F6326CAD0}.Development Editor|Win64.Build.0 = Development|Any CPU
		{EE91EE98-8342-3B54-B97B-399F6326CAD0}.Development|Win64.ActiveCfg = Development|Any CPU
		{EE91EE98-8342-3B54-B97B-399F6326CAD0}.Development|Win64.Build.0 = Development|Any CPU
		{EE91EE98-8342-3B54-B97B-399F6326CAD0}.Shipping|Win64.ActiveCfg = Development|Any CPU
		{EE91EE98-8342-3B54-B97B-399F6326CAD0}.Shipping|Win64.Build.0 = Development|Any CPU
		{8F45E3B9-994C-3AFE-A49C-5E8FE0BC98A8}.DebugGame Editor|Win64.ActiveCfg = Development|Any CPU
		{8F45E3B9-994C-3AFE-A49C-5E8FE0BC98A8}.DebugGame Editor|Win64.Build.0 = Development|Any CPU
		{8F45E3B9-994C-3AFE-A49C-5E8FE0BC98A8}.DebugGame|Win64.ActiveCfg = Development|Any CPU
		{8F45E3B9-994C-3AFE-A49C-5E8FE0BC98A8}.DebugGame|Win64.Build.0 = Development|Any CPU
		{8F45E3B9-994C-3AFE-A49C-5E8FE0BC98A8}.Development Editor|Win64.ActiveCfg = Development|Any CPU
		{8F45E3B9-994C-3AFE-A49C-5E8FE0BC98A8}.Development Editor|Win64.Build.0 = Development|Any CPU
		{8F45E3B9-994C-3AFE-A49C-5E8FE0BC98A8}.Development|Win64.ActiveCfg = Development|Any CPU
		{8F45E3B9-994C-3AFE-A49C-5E8FE0BC98A8}.Development|Win64.Build.0 = Development|Any CPU
		{8F45E3B9-994C-3AFE-A49C-5E8FE0BC98A8}.Shipping|Win64.ActiveCfg = Development|Any CPU
		{8F45E3B9-994C-3AFE-A49C-5E8FE0BC98A8}.Shipping|Win64.Build.0 = Development|Any CPU
		{751C956F-9FB4-3BCA-BA57-7E813A2A33BB}.DebugGame Editor|Win64.ActiveCfg = Development|Any CPU
		{751C956F-9FB4-3BCA-BA57-7E813A2A33BB}.DebugGame Editor|Win64.Build.0 = Development|Any CPU
		{751C956F-9FB4-3BCA-BA57-7E813A2A33BB}.DebugGame|Win64.ActiveCfg = Development|Any CPU
		{751C956F-9FB4-3BCA-BA57-7E813A2A33BB}.DebugGame|Win64.Build.0 = Development|Any CPU
		{751C956F-9FB4-3BCA-BA57-7E813A2A33BB}.Development Editor|Win64.ActiveCfg = Development|Any CPU
		{751C956F-9FB4-3BCA-BA57-7E813A2A33BB}.Development Editor|Win64.Build.0 = Development|Any CPU
		{751C956F-9FB4-3BCA-BA57-7E813A2A33BB}.Development|Win64.ActiveCfg = Development|Any CPU
		{751C956F-9FB4-3BCA-BA57-7E813A2A33BB}.Development|Win64.Build.0 = Development|Any CPU
		{751C956F-9FB4-3BCA-BA57-7E813A2A33BB}.Shipping|Win64.ActiveCfg = Development|Any CPU
		{751C956F-9FB4-3BCA-BA57-7E813A2A33BB}.Shipping|Win64.Build.0 = Development|Any CPU
		{B829300F-6798-386F-91DB-1220E6074706}.DebugGame Editor|Win64.ActiveCfg = Development|Any CPU
		{B829300F-6798-386F-91DB-1220E6074706}.DebugGame Editor|Win64.Build.0 = Development|Any CPU
		{B829300F-6798-386F-91DB-1220E6074706}.DebugGame|Win64.ActiveCfg = Development|Any CPU
		{B829300F-6798-386F-91DB-1220E6074706}.DebugGame|Win64.Build.0 = Development|Any CPU
		{B829300F-6798-386F-91DB-1220E6074706}.Development Editor|Win64.ActiveCfg = Development|Any CPU
		{B829300F-6798-386F-91DB-1220E6074706}.Development Editor|Win64.Build.0 = Development|Any CPU
		{B829300F-6798-386F-91DB-1220E6074706}.Development|Win64.ActiveCfg = Development|Any CPU
		{B829300F-6798-386F-91DB-1220E6074706}.Development|Win64.Build.0 = Development|Any CPU
		{B829300F-6798-386F-91DB-1220E6074706}.Shipping|Win64.ActiveCfg = Development|Any CPU
		{B829300F-6798-386F-91DB-1220E6074706}.Shipping|Win64.Build.0 = Development|Any CPU
		{561B5C8F-1FA7-3D4A-A52B-3A505B3C1FA5}.DebugGame Editor|Win64.ActiveCfg = Development|Any CPU
		{561B5C8F-1FA7-3D4A-A52B-3A505B3C1FA5}.DebugGame Editor|Win64.Build.0 = Development|Any CPU
		{561B5C8F-1FA7-3D4A-A52B-3A505B3C1FA5}.DebugGame|Win64.ActiveCfg = Development|Any CPU
		{561B5C8F-1FA7-3D4A-A52B-3A505B3C1FA5}.DebugGame|Win64.Build.0 = Development|Any CPU
		{561B5C8F-1FA7-3D4A-A52B-3A505B3C1FA5}.Development Editor|Win64.ActiveCfg = Development|Any CPU
		{561B5C8F-1FA7-3D4A-A52B-3A505B3C1FA5}.Development Editor|Win64.Build.0 = Development|Any CPU
		{561B5C8F-1FA7-3D4A-A52B-3A505B3C1FA5}.Development|Win64.ActiveCfg = Development|Any CPU
		{561B5C8F-1FA7-3D4A-A52B-3A505B3C1FA5}.Development|Win64.Build.0 = Development|Any CPU
		{561B5C8F-1FA7-3D4A-A52B-3A505B3C1FA5}.Shipping|Win64.ActiveCfg = Development|Any CPU
		{561B5C8F-1FA7-3D4A-A52B-3A505B3C1FA5}.Shipping|Win64.Build.0 = Development|Any CPU
		{D19441E5-9FE9-320F-90F7-0120FC1FAD50}.DebugGame Editor|Win64.ActiveCfg = Development|Any CPU
		{D19441E5-9FE9-320F-90F7-0120FC1FAD50}.DebugGame Editor|Win64.Build.0 = Development|Any CPU
		{D19441E5-9FE9-320F-90F7-0120FC1FAD50}.DebugGame|Win64.ActiveCfg = Development|Any CPU
		{D19441E5-9FE9-320F-90F7-0120FC1FAD50}.DebugGame|Win64.Build.0 = Development|Any CPU
		{D19441E5-9FE9-320F-90F7-0120FC1FAD50}.Development Editor|Win64.ActiveCfg = Development|Any CPU
		{D19441E5-9FE9-320F-90F7-0120FC1FAD50}.Development Editor|Win64.Build.0 = Development|Any CPU
		{D19441E5-9FE9-320F-90F7-0120FC1FAD50}.Development|Win64.ActiveCfg = Development|Any CPU
		{D19441E5-9FE9-320F-90F7-0120FC1FAD50}.Development|Win64.Build.0 = Development|Any CPU
		{D19441E5-9FE9-320F-90F7-0120FC1FAD50}.Shipping|Win64.ActiveCfg = Development|Any CPU
		{D19441E5-9FE9-320F-90F7-0120FC1FAD50}.Shipping|Win64.Build.0 = Development|Any CPU
		{AA9B35A7-E4B4-3AA9-A211-900D20A83A77}.DebugGame Editor|Win64.ActiveCfg = Development|Any CPU
		{AA9B35A7-E4B4-3AA9-A211-900D20A83A77}.DebugGame Editor|Win64.Build.0 = Development|Any CPU
		{AA9B35A7-E4B4-3AA9-A211-900D20A83A77}.DebugGame|Win64.ActiveCfg = Development|Any CPU
		{AA9B35A7-E4B4-3AA9-A211-900D20A83A77}.DebugGame|Win64.Build.0 = Development|Any CPU
		{AA9B35A7-E4B4-3AA9-A211-900D20A83A77}.Development Editor|Win64.ActiveCfg = Development|Any CPU
		{AA9B35A7-E4B4-3AA9-A211-900D20A83A77}.Development Editor|Win64.Build.0 = Development|Any CPU
		{AA9B35A7-E4B4-3AA9-A211-900D20A83A77}.Development|Win64.ActiveCfg = Development|Any CPU
		{AA9B35A7-E4B4-3AA9-A211-900D20A83A77}.Development|Win64.Build.0 = Development|Any CPU
		{AA9B35A7-E4B4-3AA9-A211-900D20A83A77}.Shipping|Win64.ActiveCfg = Development|Any CPU
		{AA9B35A7-E4B4-3AA9-A211-900D20A83A77}.Shipping|Win64.Build.0 = Development|Any CPU
		{928BA507-46A7-3CAD-A8FE-86C20BF0BF81}.DebugGame Editor|Win64.ActiveCfg = Development|Any CPU
		{928BA507-46A7-3CAD-A8FE-86C20BF0BF81}.DebugGame Editor|Win64.Build.0 = Development|Any CPU
		{928BA507-46A7-3CAD-A8FE-86C20BF0BF81}.DebugGame|Win64.ActiveCfg = Development|Any CPU
		{928BA507-46A7-3CAD-A8FE-86C20BF0BF81}.DebugGame|Win64.Build.0 = Development|Any CPU
		{928BA507-46A7-3CAD-A8FE-86C20BF0BF81}.Development Editor|Win64.ActiveCfg = Development|Any CPU
		{928BA507-46A7-3CAD-A8FE-86C20BF0BF81}.Development Editor|Win64.Build.0 = Development|Any CPU
		{928BA507-46A7-3CAD-A8FE-86C20BF0BF81}.Development|Win64.ActiveCfg = Development|Any CPU
		{928BA507-46A7-3CAD-A8FE-86C20BF0BF81}.Development|Win64.Build.0 = Development|Any CPU
		{928BA507-46A7-3CAD-A8FE-86C20BF0BF81}.Shipping|Win64.ActiveCfg = Development|Any CPU
		{928BA507-46A7-3CAD-A8FE-86C20BF0BF81}.Shipping|Win64.Build.0 = Development|Any CPU
		{F7496ACF-DFF6-3603-AB01-BB500224E74A}.DebugGame Editor|Win64.ActiveCfg = Development|Any CPU
		{F7496ACF-DFF6-3603-AB01-BB500224E74A}.DebugGame Editor|Win64.Build.0 = Development|Any CPU
		{F7496ACF-DFF6-3603-AB01-BB500224E74A}.DebugGame|Win64.ActiveCfg = Development|Any CPU
		{F7496ACF-DFF6-3603-AB01-BB500224E74A}.DebugGame|Win64.Build.0 = Development|Any CPU
		{F7496ACF-DFF6-3603-AB01-BB500224E74A}.Development Editor|Win64.ActiveCfg = Development|Any CPU
		{F7496ACF-DFF6-3603-AB01-BB500224E74A}.Development Editor|Win64.Build.0 = Development|Any CPU
		{F7496ACF-DFF6-3603-AB01-BB500224E74A}.Development|Win64.ActiveCfg = Development|Any CPU
		{F7496ACF-DFF6-3603-AB01-BB500224E74A}.Development|Win64.Build.0 = Development|Any CPU
		{F7496ACF-DFF6-3603-AB01-BB500224E74A}.Shipping|Win64.ActiveCfg = Development|Any CPU
		{F7496ACF-DFF6-3603-AB01-BB500224E74A}.Shipping|Win64.Build.0 = Development|Any CPU
		{69841D54-72F3-36E3-92DB-277C51C7A204}.DebugGame Editor|Win64.ActiveCfg = Development|Any CPU
		{69841D54-72F3-36E3-92DB-277C51C7A204}.DebugGame Editor|Win64.Build.0 = Development|Any CPU
		{69841D54-72F3-36E3-92DB-277C51C7A204}.DebugGame|Win64.ActiveCfg = Development|Any CPU
		{69841D54-72F3-36E3-92DB-277C51C7A204}.DebugGame|Win64.Build.0 = Development|Any CPU
		{69841D54-72F3-36E3-92DB-277C51C7A204}.Development Editor|Win64.ActiveCfg = Development|Any CPU
		{69841D54-72F3-36E3-92DB-277C51C7A204}.Development Editor|Win64.Build.0 = Development|Any CPU
		{69841D54-72F3-36E3-92DB-277C51C7A204}.Development|Win64.ActiveCfg = Development|Any CPU
		{69841D54-72F3-36E3-92DB-277C51C7A204}.Development|Win64.Build.0 = Development|Any CPU
		{69841D54-72F3-36E3-92DB-277C51C7A204}.Shipping|Win64.ActiveCfg = Development|Any CPU
		{69841D54-72F3-36E3-92DB-277C51C7A204}.Shipping|Win64.Build.0 = Development|Any CPU
		{8267A1AD-D6CD-32E1-B940-1DFFBEF406AC}.DebugGame Editor|Win64.ActiveCfg = Development|Any CPU
		{8267A1AD-D6CD-32E1-B940-1DFFBEF406AC}.DebugGame Editor|Win64.Build.0 = Development|Any CPU
		{8267A1AD-D6CD-32E1-B940-1DFFBEF406AC}.DebugGame|Win64.ActiveCfg = Development|Any CPU
		{8267A1AD-D6CD-32E1-B940-1DFFBEF406AC}.DebugGame|Win64.Build.0 = Development|Any CPU
		{8267A1AD-D6CD-32E1-B940-1DFFBEF406AC}.Development Editor|Win64.ActiveCfg = Development|Any CPU
		{8267A1AD-D6CD-32E1-B940-1DFFBEF406AC}.Development Editor|Win64.Build.0 = Development|Any CPU
		{8267A1AD-D6CD-32E1-B940-1DFFBEF406AC}.Development|Win64.ActiveCfg = Development|Any CPU
		{8267A1AD-D6CD-32E1-B940-1DFFBEF406AC}.Development|Win64.Build.0 = Development|Any CPU
		{8267A1AD-D6CD-32E1-B940-1DFFBEF406AC}.Shipping|Win64.ActiveCfg = Development|Any CPU
		{8267A1AD-D6CD-32E1-B940-1DFFBEF406AC}.Shipping|Win64.Build.0 = Development|Any CPU
		{682AD4D9-D3CC-3986-864D-A5832DFF1B46}.DebugGame Editor|Win64.ActiveCfg = Development|Any CPU
		{682AD4D9-D3CC-3986-864D-A5832DFF1B46}.DebugGame Editor|Win64.Build.0 = Development|Any CPU
		{682AD4D9-D3CC-3986-864D-A5832DFF1B46}.DebugGame|Win64.ActiveCfg = Development|Any CPU
		{682AD4D9-D3CC-3986-864D-A5832DFF1B46}.DebugGame|Win64.Build.0 = Development|Any CPU
		{682AD4D9-D3CC-3986-864D-A5832DFF1B46}.Development Editor|Win64.ActiveCfg = Development|Any CPU
		{682AD4D9-D3CC-3986-864D-A5832DFF1B46}.Development Editor|Win64.Build.0 = Development|Any CPU
		{682AD4D9-D3CC-3986-864D-A5832DFF1B46}.Development|Win64.ActiveCfg = Development|Any CPU
		{682AD4D9-D3CC-3986-864D-A5832DFF1B46}.Development|Win64.Build.0 = Development|Any CPU
		{682AD4D9-D3CC-3986-864D-A5832DFF1B46}.Shipping|Win64.ActiveCfg = Development|Any CPU
		{682AD4D9-D3CC-3986-864D-A5832DFF1B46}.Shipping|Win64.Build.0 = Development|Any CPU
		{7427D696-7CCF-3AFE-8E31-37D6EC566C21}.DebugGame Editor|Win64.ActiveCfg = Development|Any CPU
		{7427D696-7CCF-3AFE-8E31-37D6EC566C21}.DebugGame Editor|Win64.Build.0 = Development|Any CPU
		{7427D696-7CCF-3AFE-8E31-37D6EC566C21}.DebugGame|Win64.ActiveCfg = Development|Any CPU
		{7427D696-7CCF-3AFE-8E31-37D6EC566C21}.DebugGame|Win64.Build.0 = Development|Any CPU
		{7427D696-7CCF-3AFE-8E31-37D6EC566C21}.Development Editor|Win64.ActiveCfg = Development|Any CPU
		{7427D696-7CCF-3AFE-8E31-37D6EC566C21}.Development Editor|Win64.Build.0 = Development|Any CPU
		{7427D696-7CCF-3AFE-8E31-37D6EC566C21}.Development|Win64.ActiveCfg = Development|Any CPU
		{7427D696-7CCF-3AFE-8E31-37D6EC566C21}.Development|Win64.Build.0 = Development|Any CPU
		{7427D696-7CCF-3AFE-8E31-37D6EC566C21}.Shipping|Win64.ActiveCfg = Development|Any CPU
		{7427D696-7CCF-3AFE-8E31-37D6EC566C21}.Shipping|Win64.Build.0 = Development|Any CPU
		{1CC2718E-C8D9-38ED-98A3-B08ECB2236DB}.DebugGame Editor|Win64.ActiveCfg = Development|Any CPU
		{1CC2718E-C8D9-38ED-98A3-B08ECB2236DB}.DebugGame Editor|Win64.Build.0 = Development|Any CPU
		{1CC2718E-C8D9-38ED-98A3-B08ECB2236DB}.DebugGame|Win64.ActiveCfg = Development|Any CPU
		{1CC2718E-C8D9-38ED-98A3-B08ECB2236DB}.DebugGame|Win64.Build.0 = Development|Any CPU
		{1CC2718E-C8D9-38ED-98A3-B08ECB2236DB}.Development Editor|Win64.ActiveCfg = Development|Any CPU
		{1CC2718E-C8D9-38ED-98A3-B08ECB2236DB}.Development Editor|Win64.Build.0 = Development|Any CPU
		{1CC2718E-C8D9-38ED-98A3-B08ECB2236DB}.Development|Win64.ActiveCfg = Development|Any CPU
		{1CC2718E-C8D9-38ED-98A3-B08ECB2236DB}.Development|Win64.Build.0 = Development|Any CPU
		{1CC2718E-C8D9-38ED-98A3-B08ECB2236DB}.Shipping|Win64.ActiveCfg = Development|Any CPU
		{1CC2718E-C8D9-38ED-98A3-B08ECB2236DB}.Shipping|Win64.Build.0 = Development|Any CPU
		{206A80F5-29C5-3EE4-A794-EE2FBEE66F56}.DebugGame Editor|Win64.ActiveCfg = Development|Any CPU
		{206A80F5-29C5-3EE4-A794-EE2FBEE66F56}.DebugGame Editor|Win64.Build.0 = Development|Any CPU
		{206A80F5-29C5-3EE4-A794-EE2FBEE66F56}.DebugGame|Win64.ActiveCfg = Development|Any CPU
		{206A80F5-29C5-3EE4-A794-EE2FBEE66F56}.DebugGame|Win64.Build.0 = Development|Any CPU
		{206A80F5-29C5-3EE4-A794-EE2FBEE66F56}.Development Editor|Win64.ActiveCfg = Development|Any CPU
		{206A80F5-29C5-3EE4-A794-EE2FBEE66F56}.Development Editor|Win64.Build.0 = Development|Any CPU
		{206A80F5-29C5-3EE4-A794-EE2FBEE66F56}.Development|Win64.ActiveCfg = Development|Any CPU
		{206A80F5-29C5-3EE4-A794-EE2FBEE66F56}.Development|Win64.Build.0 = Development|Any CPU
		{206A80F5-29C5-3EE4-A794-EE2FBEE66F56}.Shipping|Win64.ActiveCfg = Development|Any CPU
		{206A80F5-29C5-3EE4-A794-EE2FBEE66F56}.Shipping|Win64.Build.0 = Development|Any CPU
		{E774C858-0F5F-362E-B3C0-2A95EB27D3F2}.DebugGame Editor|Win64.ActiveCfg = Development|Any CPU
		{E774C858-0F5F-362E-B3C0-2A95EB27D3F2}.DebugGame Editor|Win64.Build.0 = Development|Any CPU
		{E774C858-0F5F-362E-B3C0-2A95EB27D3F2}.DebugGame|Win64.ActiveCfg = Development|Any CPU
		{E774C858-0F5F-362E-B3C0-2A95EB27D3F2}.DebugGame|Win64.Build.0 = Development|Any CPU
		{E774C858-0F5F-362E-B3C0-2A95EB27D3F2}.Development Editor|Win64.ActiveCfg = Development|Any CPU
		{E774C858-0F5F-362E-B3C0-2A95EB27D3F2}.Development Editor|Win64.Build.0 = Development|Any CPU
		{E774C858-0F5F-362E-B3C0-2A95EB27D3F2}.Development|Win64.ActiveCfg = Development|Any CPU
		{E774C858-0F5F-362E-B3C0-2A95EB27D3F2}.Development|Win64.Build.0 = Development|Any CPU
		{E774C858-0F5F-362E-B3C0-2A95EB27D3F2}.Shipping|Win64.ActiveCfg = Development|Any CPU
		{E774C858-0F5F-362E-B3C0-2A95EB27D3F2}.Shipping|Win64.Build.0 = Development|Any CPU
		{B977D3DE-9B44-3444-9BDF-2EBE98555D05}.DebugGame Editor|Win64.ActiveCfg = Development|Any CPU
		{B977D3DE-9B44-3444-9BDF-2EBE98555D05}.DebugGame Editor|Win64.Build.0 = Development|Any CPU
		{B977D3DE-9B44-3444-9BDF-2EBE98555D05}.DebugGame|Win64.ActiveCfg = Development|Any CPU
		{B977D3DE-9B44-3444-9BDF-2EBE98555D05}.DebugGame|Win64.Build.0 = Development|Any CPU
		{B977D3DE-9B44-3444-9BDF-2EBE98555D05}.Development Editor|Win64.ActiveCfg = Development|Any CPU
		{B977D3DE-9B44-3444-9BDF-2EBE98555D05}.Development Editor|Win64.Build.0 = Development|Any CPU
		{B977D3DE-9B44-3444-9BDF-2EBE98555D05}.Development|Win64.ActiveCfg = Development|Any CPU
		{B977D3DE-9B44-3444-9BDF-2EBE98555D05}.Development|Win64.Build.0 = Development|Any CPU
		{B977D3DE-9B44-3444-9BDF-2EBE98555D05}.Shipping|Win64.ActiveCfg = Development|Any CPU
		{B977D3DE-9B44-3444-9BDF-2EBE98555D05}.Shipping|Win64.Build.0 = Development|Any CPU
		{521E115B-C7AD-396C-8CD1-A2FF3E8806BB}.DebugGame Editor|Win64.ActiveCfg = Development|Any CPU
		{521E115B-C7AD-396C-8CD1-A2FF3E8806BB}.DebugGame Editor|Win64.Build.0 = Development|Any CPU
		{521E115B-C7AD-396C-8CD1-A2FF3E8806BB}.DebugGame|Win64.ActiveCfg = Development|Any CPU
		{521E115B-C7AD-396C-8CD1-A2FF3E8806BB}.DebugGame|Win64.Build.0 = Development|Any CPU
		{521E115B-C7AD-396C-8CD1-A2FF3E8806BB}.Development Editor|Win64.ActiveCfg = Development|Any CPU
		{521E115B-C7AD-396C-8CD1-A2FF3E8806BB}.Development Editor|Win64.Build.0 = Development|Any CPU
		{521E115B-C7AD-396C-8CD1-A2FF3E8806BB}.Development|Win64.ActiveCfg = Development|Any CPU
		{521E115B-C7AD-396C-8CD1-A2FF3E8806BB}.Development|Win64.Build.0 = Development|Any CPU
		{521E115B-C7AD-396C-8CD1-A2FF3E8806BB}.Shipping|Win64.ActiveCfg = Development|Any CPU
		{521E115B-C7AD-396C-8CD1-A2FF3E8806BB}.Shipping|Win64.Build.0 = Development|Any CPU
		{29255204-D739-317D-9731-9E425B9981A0}.DebugGame Editor|Win64.ActiveCfg = Development|Any CPU
		{29255204-D739-317D-9731-9E425B9981A0}.DebugGame Editor|Win64.Build.0 = Development|Any CPU
		{29255204-D739-317D-9731-9E425B9981A0}.DebugGame|Win64.ActiveCfg = Development|Any CPU
		{29255204-D739-317D-9731-9E425B9981A0}.DebugGame|Win64.Build.0 = Development|Any CPU
		{29255204-D739-317D-9731-9E425B9981A0}.Development Editor|Win64.ActiveCfg = Development|Any CPU
		{29255204-D739-317D-9731-9E425B9981A0}.Development Editor|Win64.Build.0 = Development|Any CPU
		{29255204-D739-317D-9731-9E425B9981A0}.Development|Win64.ActiveCfg = Development|Any CPU
		{29255204-D739-317D-9731-9E425B9981A0}.Development|Win64.Build.0 = Development|Any CPU
		{29255204-D739-317D-9731-9E425B9981A0}.Shipping|Win64.ActiveCfg = Development|Any CPU
		{29255204-D739-317D-9731-9E425B9981A0}.Shipping|Win64.Build.0 = Development|Any CPU
		{E938CD67-444D-3A9E-A99E-1CEE2C84C2EE}.DebugGame Editor|Win64.ActiveCfg = Development|Any CPU
		{E938CD67-444D-3A9E-A99E-1CEE2C84C2EE}.DebugGame Editor|Win64.Build.0 = Development|Any CPU
		{E938CD67-444D-3A9E-A99E-1CEE2C84C2EE}.DebugGame|Win64.ActiveCfg = Development|Any CPU
		{E938CD67-444D-3A9E-A99E-1CEE2C84C2EE}.DebugGame|Win64.Build.0 = Development|Any CPU
		{E938CD67-444D-3A9E-A99E-1CEE2C84C2EE}.Development Editor|Win64.ActiveCfg = Development|Any CPU
		{E938CD67-444D-3A9E-A99E-1CEE2C84C2EE}.Development Editor|Win64.Build.0 = Development|Any CPU
		{E938CD67-444D-3A9E-A99E-1CEE2C84C2EE}.Development|Win64.ActiveCfg = Development|Any CPU
		{E938CD67-444D-3A9E-A99E-1CEE2C84C2EE}.Development|Win64.Build.0 = Development|Any CPU
		{E938CD67-444D-3A9E-A99E-1CEE2C84C2EE}.Shipping|Win64.ActiveCfg = Development|Any CPU
		{E938CD67-444D-3A9E-A99E-1CEE2C84C2EE}.Shipping|Win64.Build.0 = Development|Any CPU
		{C35660D6-C4D3-302C-A926-1E577BB6E590}.DebugGame Editor|Win64.ActiveCfg = Development|Any CPU
		{C35660D6-C4D3-302C-A926-1E577BB6E590}.DebugGame Editor|Win64.Build.0 = Development|Any CPU
		{C35660D6-C4D3-302C-A926-1E577BB6E590}.DebugGame|Win64.ActiveCfg = Development|Any CPU
		{C35660D6-C4D3-302C-A926-1E577BB6E590}.DebugGame|Win64.Build.0 = Development|Any CPU
		{C35660D6-C4D3-302C-A926-1E577BB6E590}.Development Editor|Win64.ActiveCfg = Development|Any CPU
		{C35660D6-C4D3-302C-A926-1E577BB6E590}.Development Editor|Win64.Build.0 = Development|Any CPU
		{C35660D6-C4D3-302C-A926-1E577BB6E590}.Development|Win64.ActiveCfg = Development|Any CPU
		{C35660D6-C4D3-302C-A926-1E577BB6E590}.Development|Win64.Build.0 = Development|Any CPU
		{C35660D6-C4D3-302C-A926-1E577BB6E590}.Shipping|Win64.ActiveCfg = Development|Any CPU
		{C35660D6-C4D3-302C-A926-1E577BB6E590}.Shipping|Win64.Build.0 = Development|Any CPU
		{8FEEFA20-4971-3DA3-88D5-2819AB7618A8}.DebugGame Editor|Win64.ActiveCfg = Development|Any CPU
		{8FEEFA20-4971-3DA3-88D5-2819AB7618A8}.DebugGame Editor|Win64.Build.0 = Development|Any CPU
		{8FEEFA20-4971-3DA3-88D5-2819AB7618A8}.DebugGame|Win64.ActiveCfg = Development|Any CPU
		{8FEEFA20-4971-3DA3-88D5-2819AB7618A8}.DebugGame|Win64.Build.0 = Development|Any CPU
		{8FEEFA20-4971-3DA3-88D5-2819AB7618A8}.Development Editor|Win64.ActiveCfg = Development|Any CPU
		{8FEEFA20-4971-3DA3-88D5-2819AB7618A8}.Development Editor|Win64.Build.0 = Development|Any CPU
		{8FEEFA20-4971-3DA3-88D5-2819AB7618A8}.Development|Win64.ActiveCfg = Development|Any CPU
		{8FEEFA20-4971-3DA3-88D5-2819AB7618A8}.Development|Win64.Build.0 = Development|Any CPU
		{8FEEFA20-4971-3DA3-88D5-2819AB7618A8}.Shipping|Win64.ActiveCfg = Development|Any CPU
		{8FEEFA20-4971-3DA3-88D5-2819AB7618A8}.Shipping|Win64.Build.0 = Development|Any CPU
		{A336B0A9-CD7F-3973-830C-0998E3C254FC}.DebugGame Editor|Win64.ActiveCfg = Development|Any CPU
		{A336B0A9-CD7F-3973-830C-0998E3C254FC}.DebugGame Editor|Win64.Build.0 = Development|Any CPU
		{A336B0A9-CD7F-3973-830C-0998E3C254FC}.DebugGame|Win64.ActiveCfg = Development|Any CPU
		{A336B0A9-CD7F-3973-830C-0998E3C254FC}.DebugGame|Win64.Build.0 = Development|Any CPU
		{A336B0A9-CD7F-3973-830C-0998E3C254FC}.Development Editor|Win64.ActiveCfg = Development|Any CPU
		{A336B0A9-CD7F-3973-830C-0998E3C254FC}.Development Editor|Win64.Build.0 = Development|Any CPU
		{A336B0A9-CD7F-3973-830C-0998E3C254FC}.Development|Win64.ActiveCfg = Development|Any CPU
		{A336B0A9-CD7F-3973-830C-0998E3C254FC}.Development|Win64.Build.0 = Development|Any CPU
		{A336B0A9-CD7F-3973-830C-0998E3C254FC}.Shipping|Win64.ActiveCfg = Development|Any CPU
		{A336B0A9-CD7F-3973-830C-0998E3C254FC}.Shipping|Win64.Build.0 = Development|Any CPU
		{4C53E2C3-0BF9-345B-995C-9B9071714E44}.DebugGame Editor|Win64.ActiveCfg = Development|Any CPU
		{4C53E2C3-0BF9-345B-995C-9B9071714E44}.DebugGame Editor|Win64.Build.0 = Development|Any CPU
		{4C53E2C3-0BF9-345B-995C-9B9071714E44}.DebugGame|Win64.ActiveCfg = Development|Any CPU
		{4C53E2C3-0BF9-345B-995C-9B9071714E44}.DebugGame|Win64.Build.0 = Development|Any CPU
		{4C53E2C3-0BF9-345B-995C-9B9071714E44}.Development Editor|Win64.ActiveCfg = Development|Any CPU
		{4C53E2C3-0BF9-345B-995C-9B9071714E44}.Development Editor|Win64.Build.0 = Development|Any CPU
		{4C53E2C3-0BF9-345B-995C-9B9071714E44}.Development|Win64.ActiveCfg = Development|Any CPU
		{4C53E2C3-0BF9-345B-995C-9B9071714E44}.Development|Win64.Build.0 = Development|Any CPU
		{4C53E2C3-0BF9-345B-995C-9B9071714E44}.Shipping|Win64.ActiveCfg = Development|Any CPU
		{4C53E2C3-0BF9-345B-995C-9B9071714E44}.Shipping|Win64.Build.0 = Development|Any CPU
		{9D7E58D5-0435-3CF6-9278-39E4FD0B2C77}.DebugGame Editor|Win64.ActiveCfg = Development|Any CPU
		{9D7E58D5-0435-3CF6-9278-39E4FD0B2C77}.DebugGame Editor|Win64.Build.0 = Development|Any CPU
		{9D7E58D5-0435-3CF6-9278-39E4FD0B2C77}.DebugGame|Win64.ActiveCfg = Development|Any CPU
		{9D7E58D5-0435-3CF6-9278-39E4FD0B2C77}.DebugGame|Win64.Build.0 = Development|Any CPU
		{9D7E58D5-0435-3CF6-9278-39E4FD0B2C77}.Development Editor|Win64.ActiveCfg = Development|Any CPU
		{9D7E58D5-0435-3CF6-9278-39E4FD0B2C77}.Development Editor|Win64.Build.0 = Development|Any CPU
		{9D7E58D5-0435-3CF6-9278-39E4FD0B2C77}.Development|Win64.ActiveCfg = Development|Any CPU
		{9D7E58D5-0435-3CF6-9278-39E4FD0B2C77}.Development|Win64.Build.0 = Development|Any CPU
		{9D7E58D5-0435-3CF6-9278-39E4FD0B2C77}.Shipping|Win64.ActiveCfg = Development|Any CPU
		{9D7E58D5-0435-3CF6-9278-39E4FD0B2C77}.Shipping|Win64.Build.0 = Development|Any CPU
		{D532E224-54C6-3CBA-ABBC-CA49BA115634}.DebugGame Editor|Win64.ActiveCfg = Development|Any CPU
		{D532E224-54C6-3CBA-ABBC-CA49BA115634}.DebugGame Editor|Win64.Build.0 = Development|Any CPU
		{D532E224-54C6-3CBA-ABBC-CA49BA115634}.DebugGame|Win64.ActiveCfg = Development|Any CPU
		{D532E224-54C6-3CBA-ABBC-CA49BA115634}.DebugGame|Win64.Build.0 = Development|Any CPU
		{D532E224-54C6-3CBA-ABBC-CA49BA115634}.Development Editor|Win64.ActiveCfg = Development|Any CPU
		{D532E224-54C6-3CBA-ABBC-CA49BA115634}.Development Editor|Win64.Build.0 = Development|Any CPU
		{D532E224-54C6-3CBA-ABBC-CA49BA115634}.Development|Win64.ActiveCfg = Development|Any CPU
		{D532E224-54C6-3CBA-ABBC-CA49BA115634}.Development|Win64.Build.0 = Development|Any CPU
		{D532E224-54C6-3CBA-ABBC-CA49BA115634}.Shipping|Win64.ActiveCfg = Development|Any CPU
		{D532E224-54C6-3CBA-ABBC-CA49BA115634}.Shipping|Win64.Build.0 = Development|Any CPU
		{B0C3E8EB-F248-3F95-BD73-2E6097ED7487}.DebugGame Editor|Win64.ActiveCfg = Development|Any CPU
		{B0C3E8EB-F248-3F95-BD73-2E6097ED7487}.DebugGame Editor|Win64.Build.0 = Development|Any CPU
		{B0C3E8EB-F248-3F95-BD73-2E6097ED7487}.DebugGame|Win64.ActiveCfg = Development|Any CPU
		{B0C3E8EB-F248-3F95-BD73-2E6097ED7487}.DebugGame|Win64.Build.0 = Development|Any CPU
		{B0C3E8EB-F248-3F95-BD73-2E6097ED7487}.Development Editor|Win64.ActiveCfg = Development|Any CPU
		{B0C3E8EB-F248-3F95-BD73-2E6097ED7487}.Development Editor|Win64.Build.0 = Development|Any CPU
		{B0C3E8EB-F248-3F95-BD73-2E6097ED7487}.Development|Win64.ActiveCfg = Development|Any CPU
		{B0C3E8EB-F248-3F95-BD73-2E6097ED7487}.Development|Win64.Build.0 = Development|Any CPU
		{B0C3E8EB-F248-3F95-BD73-2E6097ED7487}.Shipping|Win64.ActiveCfg = Development|Any CPU
		{B0C3E8EB-F248-3F95-BD73-2E6097ED7487}.Shipping|Win64.Build.0 = Development|Any CPU
		{C2ED65DD-1A9E-366E-9737-60F0EE8DDD9B}.DebugGame Editor|Win64.ActiveCfg = Development|Any CPU
		{C2ED65DD-1A9E-366E-9737-60F0EE8DDD9B}.DebugGame Editor|Win64.Build.0 = Development|Any CPU
		{C2ED65DD-1A9E-366E-9737-60F0EE8DDD9B}.DebugGame|Win64.ActiveCfg = Development|Any CPU
		{C2ED65DD-1A9E-366E-9737-60F0EE8DDD9B}.DebugGame|Win64.Build.0 = Development|Any CPU
		{C2ED65DD-1A9E-366E-9737-60F0EE8DDD9B}.Development Editor|Win64.ActiveCfg = Development|Any CPU
		{C2ED65DD-1A9E-366E-9737-60F0EE8DDD9B}.Development Editor|Win64.Build.0 = Development|Any CPU
		{C2ED65DD-1A9E-366E-9737-60F0EE8DDD9B}.Development|Win64.ActiveCfg = Development|Any CPU
		{C2ED65DD-1A9E-366E-9737-60F0EE8DDD9B}.Development|Win64.Build.0 = Development|Any CPU
		{C2ED65DD-1A9E-366E-9737-60F0EE8DDD9B}.Shipping|Win64.ActiveCfg = Development|Any CPU
		{C2ED65DD-1A9E-366E-9737-60F0EE8DDD9B}.Shipping|Win64.Build.0 = Development|Any CPU
		{6560DA01-40AE-3DC4-ADDE-37D9D06948BF}.DebugGame Editor|Win64.ActiveCfg = Development|Any CPU
		{6560DA01-40AE-3DC4-ADDE-37D9D06948BF}.DebugGame Editor|Win64.Build.0 = Development|Any CPU
		{6560DA01-40AE-3DC4-ADDE-37D9D06948BF}.DebugGame|Win64.ActiveCfg = Development|Any CPU
		{6560DA01-40AE-3DC4-ADDE-37D9D06948BF}.DebugGame|Win64.Build.0 = Development|Any CPU
		{6560DA01-40AE-3DC4-ADDE-37D9D06948BF}.Development Editor|Win64.ActiveCfg = Development|Any CPU
		{6560DA01-40AE-3DC4-ADDE-37D9D06948BF}.Development Editor|Win64.Build.0 = Development|Any CPU
		{6560DA01-40AE-3DC4-ADDE-37D9D06948BF}.Development|Win64.ActiveCfg = Development|Any CPU
		{6560DA01-40AE-3DC4-ADDE-37D9D06948BF}.Development|Win64.Build.0 = Development|Any CPU
		{6560DA01-40AE-3DC4-ADDE-37D9D06948BF}.Shipping|Win64.ActiveCfg = Development|Any CPU
		{6560DA01-40AE-3DC4-ADDE-37D9D06948BF}.Shipping|Win64.Build.0 = Development|Any CPU
		{04EAB75B-95EF-3ACE-B79E-3AE5F71216A8}.DebugGame Editor|Win64.ActiveCfg = Development|Any CPU
		{04EAB75B-95EF-3ACE-B79E-3AE5F71216A8}.DebugGame Editor|Win64.Build.0 = Development|Any CPU
		{04EAB75B-95EF-3ACE-B79E-3AE5F71216A8}.DebugGame|Win64.ActiveCfg = Development|Any CPU
		{04EAB75B-95EF-3ACE-B79E-3AE5F71216A8}.DebugGame|Win64.Build.0 = Development|Any CPU
		{04EAB75B-95EF-3ACE-B79E-3AE5F71216A8}.Development Editor|Win64.ActiveCfg = Development|Any CPU
		{04EAB75B-95EF-3ACE-B79E-3AE5F71216A8}.Development Editor|Win64.Build.0 = Development|Any CPU
		{04EAB75B-95EF-3ACE-B79E-3AE5F71216A8}.Development|Win64.ActiveCfg = Development|Any CPU
		{04EAB75B-95EF-3ACE-B79E-3AE5F71216A8}.Development|Win64.Build.0 = Development|Any CPU
		{04EAB75B-95EF-3ACE-B79E-3AE5F71216A8}.Shipping|Win64.ActiveCfg = Development|Any CPU
		{04EAB75B-95EF-3ACE-B79E-3AE5F71216A8}.Shipping|Win64.Build.0 = Development|Any CPU
		{66B85FF6-EFDF-311C-8DB2-FBCF6F1D64A2}.DebugGame Editor|Win64.ActiveCfg = Development|Any CPU
		{66B85FF6-EFDF-311C-8DB2-FBCF6F1D64A2}.DebugGame Editor|Win64.Build.0 = Development|Any CPU
		{66B85FF6-EFDF-311C-8DB2-FBCF6F1D64A2}.DebugGame|Win64.ActiveCfg = Development|Any CPU
		{66B85FF6-EFDF-311C-8DB2-FBCF6F1D64A2}.DebugGame|Win64.Build.0 = Development|Any CPU
		{66B85FF6-EFDF-311C-8DB2-FBCF6F1D64A2}.Development Editor|Win64.ActiveCfg = Development|Any CPU
		{66B85FF6-EFDF-311C-8DB2-FBCF6F1D64A2}.Development Editor|Win64.Build.0 = Development|Any CPU
		{66B85FF6-EFDF-311C-8DB2-FBCF6F1D64A2}.Development|Win64.ActiveCfg = Development|Any CPU
		{66B85FF6-EFDF-311C-8DB2-FBCF6F1D64A2}.Development|Win64.Build.0 = Development|Any CPU
		{66B85FF6-EFDF-311C-8DB2-FBCF6F1D64A2}.Shipping|Win64.ActiveCfg = Development|Any CPU
		{66B85FF6-EFDF-311C-8DB2-FBCF6F1D64A2}.Shipping|Win64.Build.0 = Development|Any CPU
		{23F6833A-4184-3A21-AC27-1831ACB59F22}.DebugGame Editor|Win64.ActiveCfg = Development|Any CPU
		{23F6833A-4184-3A21-AC27-1831ACB59F22}.DebugGame Editor|Win64.Build.0 = Development|Any CPU
		{23F6833A-4184-3A21-AC27-1831ACB59F22}.DebugGame|Win64.ActiveCfg = Development|Any CPU
		{23F6833A-4184-3A21-AC27-1831ACB59F22}.DebugGame|Win64.Build.0 = Development|Any CPU
		{23F6833A-4184-3A21-AC27-1831ACB59F22}.Development Editor|Win64.ActiveCfg = Development|Any CPU
		{23F6833A-4184-3A21-AC27-1831ACB59F22}.Development Editor|Win64.Build.0 = Development|Any CPU
		{23F6833A-4184-3A21-AC27-1831ACB59F22}.Development|Win64.ActiveCfg = Development|Any CPU
		{23F6833A-4184-3A21-AC27-1831ACB59F22}.Development|Win64.Build.0 = Development|Any CPU
		{23F6833A-4184-3A21-AC27-1831ACB59F22}.Shipping|Win64.ActiveCfg = Development|Any CPU
		{23F6833A-4184-3A21-AC27-1831ACB59F22}.Shipping|Win64.Build.0 = Development|Any CPU
		{EB3654B8-5915-3E1A-8502-B77168168A0B}.DebugGame Editor|Win64.ActiveCfg = Development|Any CPU
		{EB3654B8-5915-3E1A-8502-B77168168A0B}.DebugGame Editor|Win64.Build.0 = Development|Any CPU
		{EB3654B8-5915-3E1A-8502-B77168168A0B}.DebugGame|Win64.ActiveCfg = Development|Any CPU
		{EB3654B8-5915-3E1A-8502-B77168168A0B}.DebugGame|Win64.Build.0 = Development|Any CPU
		{EB3654B8-5915-3E1A-8502-B77168168A0B}.Development Editor|Win64.ActiveCfg = Development|Any CPU
		{EB3654B8-5915-3E1A-8502-B77168168A0B}.Development Editor|Win64.Build.0 = Development|Any CPU
		{EB3654B8-5915-3E1A-8502-B77168168A0B}.Development|Win64.ActiveCfg = Development|Any CPU
		{EB3654B8-5915-3E1A-8502-B77168168A0B}.Development|Win64.Build.0 = Development|Any CPU
		{EB3654B8-5915-3E1A-8502-B77168168A0B}.Shipping|Win64.ActiveCfg = Development|Any CPU
		{EB3654B8-5915-3E1A-8502-B77168168A0B}.Shipping|Win64.Build.0 = Development|Any CPU
		{BBF7D382-E6D2-3F54-9835-597FE45BC7F3}.DebugGame Editor|Win64.ActiveCfg = Development|Any CPU
		{BBF7D382-E6D2-3F54-9835-597FE45BC7F3}.DebugGame Editor|Win64.Build.0 = Development|Any CPU
		{BBF7D382-E6D2-3F54-9835-597FE45BC7F3}.DebugGame|Win64.ActiveCfg = Development|Any CPU
		{BBF7D382-E6D2-3F54-9835-597FE45BC7F3}.DebugGame|Win64.Build.0 = Development|Any CPU
		{BBF7D382-E6D2-3F54-9835-597FE45BC7F3}.Development Editor|Win64.ActiveCfg = Development|Any CPU
		{BBF7D382-E6D2-3F54-9835-597FE45BC7F3}.Development Editor|Win64.Build.0 = Development|Any CPU
		{BBF7D382-E6D2-3F54-9835-597FE45BC7F3}.Development|Win64.ActiveCfg = Development|Any CPU
		{BBF7D382-E6D2-3F54-9835-597FE45BC7F3}.Development|Win64.Build.0 = Development|Any CPU
		{BBF7D382-E6D2-3F54-9835-597FE45BC7F3}.Shipping|Win64.ActiveCfg = Development|Any CPU
		{BBF7D382-E6D2-3F54-9835-597FE45BC7F3}.Shipping|Win64.Build.0 = Development|Any CPU
		{265E654C-7BE2-3FCD-8183-8ECAB64CCE7A}.DebugGame Editor|Win64.ActiveCfg = Development|Any CPU
		{265E654C-7BE2-3FCD-8183-8ECAB64CCE7A}.DebugGame Editor|Win64.Build.0 = Development|Any CPU
		{265E654C-7BE2-3FCD-8183-8ECAB64CCE7A}.DebugGame|Win64.ActiveCfg = Development|Any CPU
		{265E654C-7BE2-3FCD-8183-8ECAB64CCE7A}.DebugGame|Win64.Build.0 = Development|Any CPU
		{265E654C-7BE2-3FCD-8183-8ECAB64CCE7A}.Development Editor|Win64.ActiveCfg = Development|Any CPU
		{265E654C-7BE2-3FCD-8183-8ECAB64CCE7A}.Development Editor|Win64.Build.0 = Development|Any CPU
		{265E654C-7BE2-3FCD-8183-8ECAB64CCE7A}.Development|Win64.ActiveCfg = Development|Any CPU
		{265E654C-7BE2-3FCD-8183-8ECAB64CCE7A}.Development|Win64.Build.0 = Development|Any CPU
		{265E654C-7BE2-3FCD-8183-8ECAB64CCE7A}.Shipping|Win64.ActiveCfg = Development|Any CPU
		{265E654C-7BE2-3FCD-8183-8ECAB64CCE7A}.Shipping|Win64.Build.0 = Development|Any CPU
		{220D3F8F-2157-3822-819B-CD53730B6648}.DebugGame Editor|Win64.ActiveCfg = Development|Any CPU
		{220D3F8F-2157-3822-819B-CD53730B6648}.DebugGame Editor|Win64.Build.0 = Development|Any CPU
		{220D3F8F-2157-3822-819B-CD53730B6648}.DebugGame|Win64.ActiveCfg = Development|Any CPU
		{220D3F8F-2157-3822-819B-CD53730B6648}.DebugGame|Win64.Build.0 = Development|Any CPU
		{220D3F8F-2157-3822-819B-CD53730B6648}.Development Editor|Win64.ActiveCfg = Development|Any CPU
		{220D3F8F-2157-3822-819B-CD53730B6648}.Development Editor|Win64.Build.0 = Development|Any CPU
		{220D3F8F-2157-3822-819B-CD53730B6648}.Development|Win64.ActiveCfg = Development|Any CPU
		{220D3F8F-2157-3822-819B-CD53730B6648}.Development|Win64.Build.0 = Development|Any CPU
		{220D3F8F-2157-3822-819B-CD53730B6648}.Shipping|Win64.ActiveCfg = Development|Any CPU
		{220D3F8F-2157-3822-819B-CD53730B6648}.Shipping|Win64.Build.0 = Development|Any CPU
		{6CB9636A-012D-3D50-8C3B-9260370B663F}.DebugGame Editor|Win64.ActiveCfg = Development|Any CPU
		{6CB9636A-012D-3D50-8C3B-9260370B663F}.DebugGame Editor|Win64.Build.0 = Development|Any CPU
		{6CB9636A-012D-3D50-8C3B-9260370B663F}.DebugGame|Win64.ActiveCfg = Development|Any CPU
		{6CB9636A-012D-3D50-8C3B-9260370B663F}.DebugGame|Win64.Build.0 = Development|Any CPU
		{6CB9636A-012D-3D50-8C3B-9260370B663F}.Development Editor|Win64.ActiveCfg = Development|Any CPU
		{6CB9636A-012D-3D50-8C3B-9260370B663F}.Development Editor|Win64.Build.0 = Development|Any CPU
		{6CB9636A-012D-3D50-8C3B-9260370B663F}.Development|Win64.ActiveCfg = Development|Any CPU
		{6CB9636A-012D-3D50-8C3B-9260370B663F}.Development|Win64.Build.0 = Development|Any CPU
		{6CB9636A-012D-3D50-8C3B-9260370B663F}.Shipping|Win64.ActiveCfg = Development|Any CPU
		{6CB9636A-012D-3D50-8C3B-9260370B663F}.Shipping|Win64.Build.0 = Development|Any CPU
		{736683F7-37C5-3395-905B-71D1EE9570A1}.DebugGame Editor|Win64.ActiveCfg = Development|Any CPU
		{736683F7-37C5-3395-905B-71D1EE9570A1}.DebugGame Editor|Win64.Build.0 = Development|Any CPU
		{736683F7-37C5-3395-905B-71D1EE9570A1}.DebugGame|Win64.ActiveCfg = Development|Any CPU
		{736683F7-37C5-3395-905B-71D1EE9570A1}.DebugGame|Win64.Build.0 = Development|Any CPU
		{736683F7-37C5-3395-905B-71D1EE9570A1}.Development Editor|Win64.ActiveCfg = Development|Any CPU
		{736683F7-37C5-3395-905B-71D1EE9570A1}.Development Editor|Win64.Build.0 = Development|Any CPU
		{736683F7-37C5-3395-905B-71D1EE9570A1}.Development|Win64.ActiveCfg = Development|Any CPU
		{736683F7-37C5-3395-905B-71D1EE9570A1}.Development|Win64.Build.0 = Development|Any CPU
		{736683F7-37C5-3395-905B-71D1EE9570A1}.Shipping|Win64.ActiveCfg = Development|Any CPU
		{736683F7-37C5-3395-905B-71D1EE9570A1}.Shipping|Win64.Build.0 = Development|Any CPU
		{B7868F5F-2767-3C41-B394-89DC7F8C221D}.DebugGame Editor|Win64.ActiveCfg = Development|Any CPU
		{B7868F5F-2767-3C41-B394-89DC7F8C221D}.DebugGame Editor|Win64.Build.0 = Development|Any CPU
		{B7868F5F-2767-3C41-B394-89DC7F8C221D}.DebugGame|Win64.ActiveCfg = Development|Any CPU
		{B7868F5F-2767-3C41-B394-89DC7F8C221D}.DebugGame|Win64.Build.0 = Development|Any CPU
		{B7868F5F-2767-3C41-B394-89DC7F8C221D}.Development Editor|Win64.ActiveCfg = Development|Any CPU
		{B7868F5F-2767-3C41-B394-89DC7F8C221D}.Development Editor|Win64.Build.0 = Development|Any CPU
		{B7868F5F-2767-3C41-B394-89DC7F8C221D}.Development|Win64.ActiveCfg = Development|Any CPU
		{B7868F5F-2767-3C41-B394-89DC7F8C221D}.Development|Win64.Build.0 = Development|Any CPU
		{B7868F5F-2767-3C41-B394-89DC7F8C221D}.Shipping|Win64.ActiveCfg = Development|Any CPU
		{B7868F5F-2767-3C41-B394-89DC7F8C221D}.Shipping|Win64.Build.0 = Development|Any CPU
		{0213D3DC-51E0-383E-9EE9-E6EE58F6BEB8}.DebugGame Editor|Win64.ActiveCfg = Development|Any CPU
		{0213D3DC-51E0-383E-9EE9-E6EE58F6BEB8}.DebugGame Editor|Win64.Build.0 = Development|Any CPU
		{0213D3DC-51E0-383E-9EE9-E6EE58F6BEB8}.DebugGame|Win64.ActiveCfg = Development|Any CPU
		{0213D3DC-51E0-383E-9EE9-E6EE58F6BEB8}.DebugGame|Win64.Build.0 = Development|Any CPU
		{0213D3DC-51E0-383E-9EE9-E6EE58F6BEB8}.Development Editor|Win64.ActiveCfg = Development|Any CPU
		{0213D3DC-51E0-383E-9EE9-E6EE58F6BEB8}.Development Editor|Win64.Build.0 = Development|Any CPU
		{0213D3DC-51E0-383E-9EE9-E6EE58F6BEB8}.Development|Win64.ActiveCfg = Development|Any CPU
		{0213D3DC-51E0-383E-9EE9-E6EE58F6BEB8}.Development|Win64.Build.0 = Development|Any CPU
		{0213D3DC-51E0-383E-9EE9-E6EE58F6BEB8}.Shipping|Win64.ActiveCfg = Development|Any CPU
		{0213D3DC-51E0-383E-9EE9-E6EE58F6BEB8}.Shipping|Win64.Build.0 = Development|Any CPU
		{5C189E02-81FD-3DB6-BE10-6CAEEFE47B47}.DebugGame Editor|Win64.ActiveCfg = Development|Any CPU
		{5C189E02-81FD-3DB6-BE10-6CAEEFE47B47}.DebugGame Editor|Win64.Build.0 = Development|Any CPU
		{5C189E02-81FD-3DB6-BE10-6CAEEFE47B47}.DebugGame|Win64.ActiveCfg = Development|Any CPU
		{5C189E02-81FD-3DB6-BE10-6CAEEFE47B47}.DebugGame|Win64.Build.0 = Development|Any CPU
		{5C189E02-81FD-3DB6-BE10-6CAEEFE47B47}.Development Editor|Win64.ActiveCfg = Development|Any CPU
		{5C189E02-81FD-3DB6-BE10-6CAEEFE47B47}.Development Editor|Win64.Build.0 = Development|Any CPU
		{5C189E02-81FD-3DB6-BE10-6CAEEFE47B47}.Development|Win64.ActiveCfg = Development|Any CPU
		{5C189E02-81FD-3DB6-BE10-6CAEEFE47B47}.Development|Win64.Build.0 = Development|Any CPU
		{5C189E02-81FD-3DB6-BE10-6CAEEFE47B47}.Shipping|Win64.ActiveCfg = Development|Any CPU
		{5C189E02-81FD-3DB6-BE10-6CAEEFE47B47}.Shipping|Win64.Build.0 = Development|Any CPU
		{EDDB1211-BA12-336B-BABB-85B8B0E8CF3B}.DebugGame Editor|Win64.ActiveCfg = Development|Any CPU
		{EDDB1211-BA12-336B-BABB-85B8B0E8CF3B}.DebugGame Editor|Win64.Build.0 = Development|Any CPU
		{EDDB1211-BA12-336B-BABB-85B8B0E8CF3B}.DebugGame|Win64.ActiveCfg = Development|Any CPU
		{EDDB1211-BA12-336B-BABB-85B8B0E8CF3B}.DebugGame|Win64.Build.0 = Development|Any CPU
		{EDDB1211-BA12-336B-BABB-85B8B0E8CF3B}.Development Editor|Win64.ActiveCfg = Development|Any CPU
		{EDDB1211-BA12-336B-BABB-85B8B0E8CF3B}.Development Editor|Win64.Build.0 = Development|Any CPU
		{EDDB1211-BA12-336B-BABB-85B8B0E8CF3B}.Development|Win64.ActiveCfg = Development|Any CPU
		{EDDB1211-BA12-336B-BABB-85B8B0E8CF3B}.Development|Win64.Build.0 = Development|Any CPU
		{EDDB1211-BA12-336B-BABB-85B8B0E8CF3B}.Shipping|Win64.ActiveCfg = Development|Any CPU
		{EDDB1211-BA12-336B-BABB-85B8B0E8CF3B}.Shipping|Win64.Build.0 = Development|Any CPU
		{8AEB8493-79D2-3456-BB57-7FD2AC81ED0C}.DebugGame Editor|Win64.ActiveCfg = Development|Any CPU
		{8AEB8493-79D2-3456-BB57-7FD2AC81ED0C}.DebugGame Editor|Win64.Build.0 = Development|Any CPU
		{8AEB8493-79D2-3456-BB57-7FD2AC81ED0C}.DebugGame|Win64.ActiveCfg = Development|Any CPU
		{8AEB8493-79D2-3456-BB57-7FD2AC81ED0C}.DebugGame|Win64.Build.0 = Development|Any CPU
		{8AEB8493-79D2-3456-BB57-7FD2AC81ED0C}.Development Editor|Win64.ActiveCfg = Development|Any CPU
		{8AEB8493-79D2-3456-BB57-7FD2AC81ED0C}.Development Editor|Win64.Build.0 = Development|Any CPU
		{8AEB8493-79D2-3456-BB57-7FD2AC81ED0C}.Development|Win64.ActiveCfg = Development|Any CPU
		{8AEB8493-79D2-3456-BB57-7FD2AC81ED0C}.Development|Win64.Build.0 = Development|Any CPU
		{8AEB8493-79D2-3456-BB57-7FD2AC81ED0C}.Shipping|Win64.ActiveCfg = Development|Any CPU
		{8AEB8493-79D2-3456-BB57-7FD2AC81ED0C}.Shipping|Win64.Build.0 = Development|Any CPU
		{500B8E7F-899B-37EF-B9D7-516DB79001A2}.DebugGame Editor|Win64.ActiveCfg = Development|Any CPU
		{500B8E7F-899B-37EF-B9D7-516DB79001A2}.DebugGame Editor|Win64.Build.0 = Development|Any CPU
		{500B8E7F-899B-37EF-B9D7-516DB79001A2}.DebugGame|Win64.ActiveCfg = Development|Any CPU
		{500B8E7F-899B-37EF-B9D7-516DB79001A2}.DebugGame|Win64.Build.0 = Development|Any CPU
		{500B8E7F-899B-37EF-B9D7-516DB79001A2}.Development Editor|Win64.ActiveCfg = Development|Any CPU
		{500B8E7F-899B-37EF-B9D7-516DB79001A2}.Development Editor|Win64.Build.0 = Development|Any CPU
		{500B8E7F-899B-37EF-B9D7-516DB79001A2}.Development|Win64.ActiveCfg = Development|Any CPU
		{500B8E7F-899B-37EF-B9D7-516DB79001A2}.Development|Win64.Build.0 = Development|Any CPU
		{500B8E7F-899B-37EF-B9D7-516DB79001A2}.Shipping|Win64.ActiveCfg = Development|Any CPU
		{500B8E7F-899B-37EF-B9D7-516DB79001A2}.Shipping|Win64.Build.0 = Development|Any CPU
	EndGlobalSection
	GlobalSection(SolutionProperties) = preSolution
		HideSolutionNode = FALSE
	EndGlobalSection
	GlobalSection(NestedProjects) = preSolution
		{971F1EB7-1BA5-3C9A-8164-C8FB9CC07A72} = {233774A8-CC9D-3FA9-86D1-90573E92B704}
		{51558858-E6ED-3FEF-A41B-768CB8AC2AF4} = {DE1F8B53-6C02-3C13-9101-A7C8D96F3FF6}
		{78B5B92A-5436-3F71-A1AF-E005A344CB9C} = {A338B9E2-A559-34BE-A46D-F789DD488FAD}
		{BE6862EB-0BDC-372C-8CDA-83631C035B2C} = {A338B9E2-A559-34BE-A46D-F789DD488FAD}
		{0BFBE63A-B98A-3411-8EEB-8918FEC737B3} = {A338B9E2-A559-34BE-A46D-F789DD488FAD}
		{7B5CFB44-F0FB-31DF-AE62-C3C096A29A7B} = {A338B9E2-A559-34BE-A46D-F789DD488FAD}
		{57713676-9DBE-331C-AD10-26632AC9EE0C} = {A338B9E2-A559-34BE-A46D-F789DD488FAD}
		{57642EAF-0254-3DC0-819C-4E963E143D07} = {0BFBE63A-B98A-3411-8EEB-8918FEC737B3}
		{EE91EE98-8342-3B54-B97B-399F6326CAD0} = {0BFBE63A-B98A-3411-8EEB-8918FEC737B3}
		{8F45E3B9-994C-3AFE-A49C-5E8FE0BC98A8} = {0BFBE63A-B98A-3411-8EEB-8918FEC737B3}
		{751C956F-9FB4-3BCA-BA57-7E813A2A33BB} = {0BFBE63A-B98A-3411-8EEB-8918FEC737B3}
		{B829300F-6798-386F-91DB-1220E6074706} = {0BFBE63A-B98A-3411-8EEB-8918FEC737B3}
		{561B5C8F-1FA7-3D4A-A52B-3A505B3C1FA5} = {0BFBE63A-B98A-3411-8EEB-8918FEC737B3}
		{D19441E5-9FE9-320F-90F7-0120FC1FAD50} = {0BFBE63A-B98A-3411-8EEB-8918FEC737B3}
		{AA9B35A7-E4B4-3AA9-A211-900D20A83A77} = {0BFBE63A-B98A-3411-8EEB-8918FEC737B3}
		{928BA507-46A7-3CAD-A8FE-86C20BF0BF81} = {0BFBE63A-B98A-3411-8EEB-8918FEC737B3}
		{F7496ACF-DFF6-3603-AB01-BB500224E74A} = {0BFBE63A-B98A-3411-8EEB-8918FEC737B3}
		{69841D54-72F3-36E3-92DB-277C51C7A204} = {0BFBE63A-B98A-3411-8EEB-8918FEC737B3}
		{8267A1AD-D6CD-32E1-B940-1DFFBEF406AC} = {0BFBE63A-B98A-3411-8EEB-8918FEC737B3}
		{682AD4D9-D3CC-3986-864D-A5832DFF1B46} = {0BFBE63A-B98A-3411-8EEB-8918FEC737B3}
		{7427D696-7CCF-3AFE-8E31-37D6EC566C21} = {0BFBE63A-B98A-3411-8EEB-8918FEC737B3}
		{1CC2718E-C8D9-38ED-98A3-B08ECB2236DB} = {0BFBE63A-B98A-3411-8EEB-8918FEC737B3}
		{206A80F5-29C5-3EE4-A794-EE2FBEE66F56} = {0BFBE63A-B98A-3411-8EEB-8918FEC737B3}
		{E774C858-0F5F-362E-B3C0-2A95EB27D3F2} = {0BFBE63A-B98A-3411-8EEB-8918FEC737B3}
		{B977D3DE-9B44-3444-9BDF-2EBE98555D05} = {0BFBE63A-B98A-3411-8EEB-8918FEC737B3}
		{521E115B-C7AD-396C-8CD1-A2FF3E8806BB} = {0BFBE63A-B98A-3411-8EEB-8918FEC737B3}
		{29255204-D739-317D-9731-9E425B9981A0} = {0BFBE63A-B98A-3411-8EEB-8918FEC737B3}
		{E938CD67-444D-3A9E-A99E-1CEE2C84C2EE} = {7B5CFB44-F0FB-31DF-AE62-C3C096A29A7B}
		{C35660D6-C4D3-302C-A926-1E577BB6E590} = {57713676-9DBE-331C-AD10-26632AC9EE0C}
		{8FEEFA20-4971-3DA3-88D5-2819AB7618A8} = {57713676-9DBE-331C-AD10-26632AC9EE0C}
		{A336B0A9-CD7F-3973-830C-0998E3C254FC} = {57713676-9DBE-331C-AD10-26632AC9EE0C}
		{4C53E2C3-0BF9-345B-995C-9B9071714E44} = {57713676-9DBE-331C-AD10-26632AC9EE0C}
		{9D7E58D5-0435-3CF6-9278-39E4FD0B2C77} = {57713676-9DBE-331C-AD10-26632AC9EE0C}
		{D532E224-54C6-3CBA-ABBC-CA49BA115634} = {57713676-9DBE-331C-AD10-26632AC9EE0C}
		{B0C3E8EB-F248-3F95-BD73-2E6097ED7487} = {57713676-9DBE-331C-AD10-26632AC9EE0C}
		{C2ED65DD-1A9E-366E-9737-60F0EE8DDD9B} = {57713676-9DBE-331C-AD10-26632AC9EE0C}
		{6560DA01-40AE-3DC4-ADDE-37D9D06948BF} = {57713676-9DBE-331C-AD10-26632AC9EE0C}
		{04EAB75B-95EF-3ACE-B79E-3AE5F71216A8} = {57713676-9DBE-331C-AD10-26632AC9EE0C}
		{66B85FF6-EFDF-311C-8DB2-FBCF6F1D64A2} = {57713676-9DBE-331C-AD10-26632AC9EE0C}
		{23F6833A-4184-3A21-AC27-1831ACB59F22} = {57713676-9DBE-331C-AD10-26632AC9EE0C}
		{EB3654B8-5915-3E1A-8502-B77168168A0B} = {57713676-9DBE-331C-AD10-26632AC9EE0C}
		{BBF7D382-E6D2-3F54-9835-597FE45BC7F3} = {57713676-9DBE-331C-AD10-26632AC9EE0C}
		{265E654C-7BE2-3FCD-8183-8ECAB64CCE7A} = {57713676-9DBE-331C-AD10-26632AC9EE0C}
		{220D3F8F-2157-3822-819B-CD53730B6648} = {57713676-9DBE-331C-AD10-26632AC9EE0C}
		{6CB9636A-012D-3D50-8C3B-9260370B663F} = {57713676-9DBE-331C-AD10-26632AC9EE0C}
		{736683F7-37C5-3395-905B-71D1EE9570A1} = {57713676-9DBE-331C-AD10-26632AC9EE0C}
		{B7868F5F-2767-3C41-B394-89DC7F8C221D} = {57713676-9DBE-331C-AD10-26632AC9EE0C}
		{0213D3DC-51E0-383E-9EE9-E6EE58F6BEB8} = {57713676-9DBE-331C-AD10-26632AC9EE0C}
		{5C189E02-81FD-3DB6-BE10-6CAEEFE47B47} = {C2F57ECE-B26F-39D8-BDA7-C1D40BD8F180}
		{EDDB1211-BA12-336B-BABB-85B8B0E8CF3B} = {C2F57ECE-B26F-39D8-BDA7-C1D40BD8F180}
		{8AEB8493-79D2-3456-BB57-7FD2AC81ED0C} = {C2F57ECE-B26F-39D8-BDA7-C1D40BD8F180}
		{500B8E7F-899B-37EF-B9D7-516DB79001A2} = {C2F57ECE-B26F-39D8-BDA7-C1D40BD8F180}
	EndGlobalSection
EndGlobal
